{
    "_meta": {
        "hash": {
            "sha256": "737a914f7fbcf0f344d683b3933a08909dd4231572bfb739f574341bca61fd6f"
        },
        "requires": {
            "python_version": "3.5"
        },
        "sources": [
            {
                "url": "https://pypi.python.org/simple",
                "verify_ssl": true
            }
        ]
    },
    "default": {
        "2.1-1": {
            "git": "https://github.com/vanam/networkx.git",
            "ref": "issue-1797"
        },
        "boto": {
            "version": "==2.48.0"
        },
        "boto3": {
            "version": "==1.5.28"
        },
        "botocore": {
            "version": "==1.8.42"
        },
        "bz2file": {
            "version": "==0.98"
        },
        "certifi": {
            "version": "==2018.1.18"
        },
        "chardet": {
            "version": "==3.0.4"
        },
        "cycler": {
            "version": "==0.10.0"
        },
        "docutils": {
            "version": "==0.14"
        },
        "gensim": {
            "version": "==3.3.0"
        },
        "idna": {
            "version": "==2.6"
        },
        "jmespath": {
            "version": "==0.9.3"
        },
        "matplotlib": {
            "version": "==2.1.2"
        },
        "nltk": {
            "version": "==3.2.5"
        },
        "numpy": {
            "version": "==1.14.0"
        },
        "pandas": {
            "version": "==0.22.0"
        },
        "pyparsing": {
            "version": "==2.2.0"
        },
        "python-dateutil": {
            "version": "==2.6.1"
        },
        "pytz": {
            "version": "==2018.3"
        },
        "requests": {
            "version": "==2.18.4"
        },
        "s3transfer": {
            "version": "==0.1.12"
        },
        "scikit-learn": {
            "version": "==0.19.1"
        },
        "scipy": {
            "version": "==1.0.0"
        },
        "six": {
            "version": "==1.11.0"
        },
        "smart-open": {
            "version": "==1.5.6"
        },
        "urllib3": {
            "version": "==1.22"
        }
    },
    "develop": {
        "attrs": {
            "version": "==17.4.0"
        },
        "pluggy": {
            "version": "==0.6.0"
        },
        "py": {
            "version": "==1.5.2"
        },
        "pytest": {
            "version": "==3.4.0"
        },
        "setuptools": {
            "version": "==38.5.1"
        },
        "six": {
            "version": "==1.11.0"
        }
    }
}
